# This file is automatically @generated by Cargo.
# It is not intended for manual editing.
version = 3

[[package]]
name = "aho-corasick"
version = "0.6.9"
source = "registry+https://github.com/rust-lang/crates.io-index"
checksum = "1e9a933f4e58658d7b12defcf96dc5c720f20832deebe3e0a19efd3b6aaeeb9e"
dependencies = [
 "memchr",
]

[[package]]
name = "atty"
version = "0.2.11"
source = "registry+https://github.com/rust-lang/crates.io-index"
checksum = "9a7d5b8723950951411ee34d271d99dddcc2035a16ab25310ea2c8cfd4369652"
dependencies = [
 "libc",
 "termion",
 "winapi",
]

[[package]]
name = "bitflags"
version = "1.0.4"
source = "registry+https://github.com/rust-lang/crates.io-index"
checksum = "228047a76f468627ca71776ecdebd732a3423081fcf5125585bcd7c49886ce12"

[[package]]
name = "bytes"
version = "1.1.0"
source = "registry+https://github.com/rust-lang/crates.io-index"
checksum = "c4872d67bab6358e59559027aa3b9157c53d9358c51423c17554809a8858e0f8"

[[package]]
name = "cfg-if"
version = "0.1.6"
source = "registry+https://github.com/rust-lang/crates.io-index"
checksum = "082bb9b28e00d3c9d39cc03e64ce4cea0f1bb9b3fde493f0cbc008472d22bdf4"

[[package]]
name = "cfg-if"
version = "1.0.0"
source = "registry+https://github.com/rust-lang/crates.io-index"
checksum = "baf1de4339761588bc0619e3cbc0120ee582ebb74b53b4efbf79117bd2da40fd"

[[package]]
name = "chrono"
version = "0.4.6"
source = "registry+https://github.com/rust-lang/crates.io-index"
checksum = "45912881121cb26fad7c38c17ba7daa18764771836b34fab7d3fbd93ed633878"
dependencies = [
 "num-integer",
 "num-traits",
 "time",
]

[[package]]
name = "env_logger"
version = "0.6.0"
source = "registry+https://github.com/rust-lang/crates.io-index"
checksum = "afb070faf94c85d17d50ca44f6ad076bce18ae92f0037d350947240a36e9d42e"
dependencies = [
 "atty",
 "humantime",
 "log",
 "regex",
 "termcolor",
]

[[package]]
name = "fnv"
version = "1.0.6"
source = "registry+https://github.com/rust-lang/crates.io-index"
checksum = "2fad85553e09a6f881f739c29f0b00b0f01357c743266d478b68951ce23285f3"

[[package]]
name = "fuchsia-zircon"
version = "0.3.3"
source = "registry+https://github.com/rust-lang/crates.io-index"
checksum = "2e9763c69ebaae630ba35f74888db465e49e259ba1bc0eda7d06f4a067615d82"
dependencies = [
 "bitflags",
 "fuchsia-zircon-sys",
]

[[package]]
name = "fuchsia-zircon-sys"
version = "0.3.3"
source = "registry+https://github.com/rust-lang/crates.io-index"
checksum = "3dcaa9ae7725d12cdb85b3ad99a434db70b468c09ded17e012d86b5c1010f7a7"

[[package]]
name = "futures"
version = "0.1.25"
source = "registry+https://github.com/rust-lang/crates.io-index"
checksum = "49e7653e374fe0d0c12de4250f0bdb60680b8c80eed558c5c7538eec9c89e21b"

[[package]]
name = "futures-channel"
version = "0.3.21"
source = "registry+https://github.com/rust-lang/crates.io-index"
checksum = "c3083ce4b914124575708913bca19bfe887522d6e2e6d0952943f5eac4a74010"
dependencies = [
 "futures-core",
]

[[package]]
name = "futures-core"
version = "0.3.21"
source = "registry+https://github.com/rust-lang/crates.io-index"
checksum = "0c09fd04b7e4073ac7156a9539b57a484a8ea920f79c7c675d05d289ab6110d3"

[[package]]
name = "futures-task"
version = "0.3.21"
source = "registry+https://github.com/rust-lang/crates.io-index"
checksum = "57c66a976bf5909d801bbef33416c41372779507e7a6b3a5e25e4749c58f776a"

[[package]]
name = "futures-util"
version = "0.3.21"
source = "registry+https://github.com/rust-lang/crates.io-index"
checksum = "d8b7abd5d659d9b90c8cba917f6ec750a74e2dc23902ef9cd4cc8c8b22e6036a"
dependencies = [
 "futures-core",
 "futures-task",
 "pin-project-lite",
 "pin-utils",
]

[[package]]
name = "gcc"
version = "0.3.55"
source = "registry+https://github.com/rust-lang/crates.io-index"
checksum = "8f5f3913fa0bfe7ee1fd8248b6b9f42a5af4b9d65ec2dd2c3c26132b950ecfc2"

[[package]]
name = "http"
version = "0.2.8"
source = "registry+https://github.com/rust-lang/crates.io-index"
checksum = "75f43d41e26995c17e71ee126451dd3941010b0514a81a9d11f3b341debc2399"
dependencies = [
 "bytes",
 "fnv",
 "itoa 1.0.2",
]

[[package]]
name = "http-body"
version = "0.4.5"
source = "registry+https://github.com/rust-lang/crates.io-index"
checksum = "d5f38f16d184e36f2408a55281cd658ecbd3ca05cce6d6510a176eca393e26d1"
dependencies = [
 "bytes",
 "http",
 "pin-project-lite",
]

[[package]]
name = "httparse"
version = "1.7.1"
source = "registry+https://github.com/rust-lang/crates.io-index"
checksum = "496ce29bb5a52785b44e0f7ca2847ae0bb839c9bd28f69acac9b99d461c0c04c"

[[package]]
name = "httpdate"
version = "1.0.2"
source = "registry+https://github.com/rust-lang/crates.io-index"
checksum = "c4a1e36c821dbe04574f602848a19f742f4fb3c98d40449f11bcad18d6b17421"

[[package]]
name = "humantime"
version = "1.2.0"
source = "registry+https://github.com/rust-lang/crates.io-index"
checksum = "3ca7e5f2e110db35f93b837c81797f3714500b81d517bf20c431b16d3ca4f114"
dependencies = [
 "quick-error",
]

[[package]]
name = "hyper"
version = "0.14.12"
source = "registry+https://github.com/rust-lang/crates.io-index"
checksum = "13f67199e765030fa08fe0bd581af683f0d5bc04ea09c2b1102012c5fb90e7fd"
dependencies = [
 "bytes",
 "futures-channel",
 "futures-core",
 "futures-util",
 "http",
 "http-body",
 "httparse",
 "httpdate",
 "itoa 0.4.3",
 "pin-project-lite",
 "tokio",
 "tower-service",
 "tracing",
 "want",
]

[[package]]
name = "hyperurl"
version = "0.1.0"
dependencies = [
 "futures",
 "hyper",
 "lazy_static",
 "log",
 "pretty_env_logger",
 "rust-crypto",
 "serde_json",
]

[[package]]
name = "itoa"
version = "0.4.3"
source = "registry+https://github.com/rust-lang/crates.io-index"
checksum = "1306f3464951f30e30d12373d31c79fbd52d236e5e896fd92f96ec7babbbe60b"

[[package]]
name = "itoa"
version = "1.0.2"
source = "registry+https://github.com/rust-lang/crates.io-index"
checksum = "112c678d4050afce233f4f2852bb2eb519230b3cf12f33585275537d7e41578d"

[[package]]
name = "lazy_static"
version = "1.2.0"
source = "registry+https://github.com/rust-lang/crates.io-index"
checksum = "a374c89b9db55895453a74c1e38861d9deec0b01b405a82516e9d5de4820dea1"

[[package]]
name = "libc"
version = "0.2.44"
source = "registry+https://github.com/rust-lang/crates.io-index"
checksum = "10923947f84a519a45c8fefb7dd1b3e8c08747993381adee176d7a82b4195311"

[[package]]
name = "log"
version = "0.4.6"
source = "registry+https://github.com/rust-lang/crates.io-index"
checksum = "c84ec4b527950aa83a329754b01dbe3f58361d1c5efacd1f6d68c494d08a17c6"
dependencies = [
 "cfg-if 0.1.6",
]

[[package]]
name = "memchr"
version = "2.1.2"
source = "registry+https://github.com/rust-lang/crates.io-index"
checksum = "db4c41318937f6e76648f42826b1d9ade5c09cafb5aef7e351240a70f39206e9"
dependencies = [
 "cfg-if 0.1.6",
 "libc",
 "version_check",
]

[[package]]
name = "num-integer"
version = "0.1.39"
source = "registry+https://github.com/rust-lang/crates.io-index"
checksum = "e83d528d2677f0518c570baf2b7abdcf0cd2d248860b68507bdcb3e91d4c0cea"
dependencies = [
 "num-traits",
]

[[package]]
name = "num-traits"
version = "0.2.6"
source = "registry+https://github.com/rust-lang/crates.io-index"
checksum = "0b3a5d7cc97d6d30d8b9bc8fa19bf45349ffe46241e8816f50f62f6d6aaabee1"

[[package]]
name = "once_cell"
version = "1.12.0"
source = "registry+https://github.com/rust-lang/crates.io-index"
checksum = "7709cef83f0c1f58f666e746a08b21e0085f7440fa6a29cc194d68aac97a4225"

[[package]]
name = "pin-project-lite"
version = "0.2.9"
source = "registry+https://github.com/rust-lang/crates.io-index"
checksum = "e0a7ae3ac2f1173085d398531c705756c94a4c56843785df85a60c1a0afac116"

[[package]]
name = "pin-utils"
version = "0.1.0"
source = "registry+https://github.com/rust-lang/crates.io-index"
checksum = "8b870d8c151b6f2fb93e84a13146138f05d02ed11c7e7c54f8826aaaf7c9f184"

[[package]]
name = "pretty_env_logger"
version = "0.3.0"
source = "registry+https://github.com/rust-lang/crates.io-index"
checksum = "df8b3f4e0475def7d9c2e5de8e5a1306949849761e107b360d03e98eafaffd61"
dependencies = [
 "chrono",
 "env_logger",
 "log",
]

[[package]]
name = "quick-error"
version = "1.2.2"
source = "registry+https://github.com/rust-lang/crates.io-index"
checksum = "9274b940887ce9addde99c4eee6b5c44cc494b182b97e73dc8ffdcb3397fd3f0"

[[package]]
name = "rand"
version = "0.3.22"
source = "registry+https://github.com/rust-lang/crates.io-index"
checksum = "15a732abf9d20f0ad8eeb6f909bf6868722d9a06e1e50802b6a70351f40b4eb1"
dependencies = [
 "fuchsia-zircon",
 "libc",
 "rand 0.4.3",
]

[[package]]
name = "rand"
version = "0.4.3"
source = "registry+https://github.com/rust-lang/crates.io-index"
checksum = "8356f47b32624fef5b3301c1be97e5944ecdd595409cc5da11d05f211db6cfbd"
dependencies = [
 "fuchsia-zircon",
 "libc",
 "winapi",
]

[[package]]
name = "redox_syscall"
version = "0.1.43"
source = "registry+https://github.com/rust-lang/crates.io-index"
checksum = "679da7508e9a6390aeaf7fbd02a800fdc64b73fe2204dd2c8ae66d22d9d5ad5d"

[[package]]
name = "redox_termios"
version = "0.1.1"
source = "registry+https://github.com/rust-lang/crates.io-index"
checksum = "7e891cfe48e9100a70a3b6eb652fef28920c117d366339687bd5576160db0f76"
dependencies = [
 "redox_syscall",
]

[[package]]
name = "regex"
version = "1.1.0"
source = "registry+https://github.com/rust-lang/crates.io-index"
checksum = "37e7cbbd370869ce2e8dff25c7018702d10b21a20ef7135316f8daecd6c25b7f"
dependencies = [
 "aho-corasick",
 "memchr",
 "regex-syntax",
 "thread_local",
 "utf8-ranges",
]

[[package]]
name = "regex-syntax"
version = "0.6.4"
source = "registry+https://github.com/rust-lang/crates.io-index"
checksum = "4e47a2ed29da7a9e1960e1639e7a982e6edc6d49be308a3b02daf511504a16d1"
dependencies = [
 "ucd-util",
]

[[package]]
name = "rust-crypto"
version = "0.2.36"
source = "registry+https://github.com/rust-lang/crates.io-index"
checksum = "f76d05d3993fd5f4af9434e8e436db163a12a9d40e1a58a726f27a01dfd12a2a"
dependencies = [
 "gcc",
 "libc",
 "rand 0.3.22",
 "rustc-serialize",
 "time",
]

[[package]]
name = "rustc-serialize"
version = "0.3.24"
source = "registry+https://github.com/rust-lang/crates.io-index"
checksum = "dcf128d1287d2ea9d80910b5f1120d0b8eede3fbf1abe91c40d39ea7d51e6fda"

[[package]]
name = "ryu"
version = "0.2.7"
source = "registry+https://github.com/rust-lang/crates.io-index"
checksum = "eb9e9b8cde282a9fe6a42dd4681319bfb63f121b8a8ee9439c6f4107e58a46f7"

[[package]]
name = "serde"
version = "1.0.81"
source = "registry+https://github.com/rust-lang/crates.io-index"
checksum = "c91eb5b0190ae87b4e2e39cbba6e3bed3ac6186935fe265f0426156c4c49961b"

[[package]]
name = "serde_json"
version = "1.0.33"
source = "registry+https://github.com/rust-lang/crates.io-index"
checksum = "c37ccd6be3ed1fdf419ee848f7c758eb31b054d7cd3ae3600e3bae0adf569811"
dependencies = [
 "itoa 0.4.3",
 "ryu",
 "serde",
]

[[package]]
name = "termcolor"
version = "1.0.4"
source = "registry+https://github.com/rust-lang/crates.io-index"
checksum = "4096add70612622289f2fdcdbd5086dc81c1e2675e6ae58d6c4f62a16c6d7f2f"
dependencies = [
 "wincolor",
]

[[package]]
name = "termion"
version = "1.5.1"
source = "registry+https://github.com/rust-lang/crates.io-index"
checksum = "689a3bdfaab439fd92bc87df5c4c78417d3cbe537487274e9b0b2dce76e92096"
dependencies = [
 "libc",
 "redox_syscall",
 "redox_termios",
]

[[package]]
name = "thread_local"
version = "0.3.6"
source = "registry+https://github.com/rust-lang/crates.io-index"
checksum = "c6b53e329000edc2b34dbe8545fd20e55a333362d0a321909685a19bd28c3f1b"
dependencies = [
 "lazy_static",
]

[[package]]
name = "time"
version = "0.1.40"
source = "registry+https://github.com/rust-lang/crates.io-index"
checksum = "d825be0eb33fda1a7e68012d51e9c7f451dc1a69391e7fdc197060bb8c56667b"
dependencies = [
 "libc",
 "redox_syscall",
 "winapi",
]

[[package]]
name = "tokio"
version = "1.19.2"
source = "registry+https://github.com/rust-lang/crates.io-index"
checksum = "c51a52ed6686dd62c320f9b89299e9dfb46f730c7a48e635c19f21d116cb1439"
dependencies = [
 "pin-project-lite",
]

[[package]]
name = "tower-service"
version = "0.3.1"
source = "registry+https://github.com/rust-lang/crates.io-index"
checksum = "360dfd1d6d30e05fda32ace2c8c70e9c0a9da713275777f5a4dbb8a1893930c6"

[[package]]
name = "tracing"
version = "0.1.35"
source = "registry+https://github.com/rust-lang/crates.io-index"
checksum = "a400e31aa60b9d44a52a8ee0343b5b18566b03a8321e0d321f695cf56e940160"
dependencies = [
 "cfg-if 1.0.0",
 "pin-project-lite",
 "tracing-core",
]

[[package]]
name = "tracing-core"
version = "0.1.27"
source = "registry+https://github.com/rust-lang/crates.io-index"
checksum = "7709595b8878a4965ce5e87ebf880a7d39c9afc6837721b21a5a816a8117d921"
dependencies = [
 "once_cell",
]

[[package]]
name = "try-lock"
version = "0.2.2"
source = "registry+https://github.com/rust-lang/crates.io-index"
checksum = "e604eb7b43c06650e854be16a2a03155743d3752dd1c943f6829e26b7a36e382"

[[package]]
name = "ucd-util"
version = "0.1.3"
source = "registry+https://github.com/rust-lang/crates.io-index"
checksum = "535c204ee4d8434478593480b8f86ab45ec9aae0e83c568ca81abf0fd0e88f86"

[[package]]
name = "utf8-ranges"
version = "1.0.2"
source = "registry+https://github.com/rust-lang/crates.io-index"
checksum = "796f7e48bef87609f7ade7e06495a87d5cd06c7866e6a5cbfceffc558a243737"

[[package]]
name = "version_check"
version = "0.1.5"
source = "registry+https://github.com/rust-lang/crates.io-index"
checksum = "914b1a6776c4c929a602fafd8bc742e06365d4bcbe48c30f9cca5824f70dc9dd"

[[package]]
name = "want"
version = "0.3.0"
source = "registry+https://github.com/rust-lang/crates.io-index"
checksum = "1ce8a968cb1cd110d136ff8b819a556d6fb6d919363c61534f6860c7eb172ba0"
dependencies = [
 "log",
 "try-lock",
]

[[package]]
name = "winapi"
version = "0.3.6"
source = "registry+https://github.com/rust-lang/crates.io-index"
checksum = "92c1eb33641e276cfa214a0522acad57be5c56b10cb348b3c5117db75f3ac4b0"
dependencies = [
 "winapi-i686-pc-windows-gnu",
 "winapi-x86_64-pc-windows-gnu",
]

[[package]]
name = "winapi-i686-pc-windows-gnu"
version = "0.4.0"
source = "registry+https://github.com/rust-lang/crates.io-index"
checksum = "ac3b87c63620426dd9b991e5ce0329eff545bccbbb34f3be09ff6fb6ab51b7b6"

[[package]]
name = "winapi-util"
version = "0.1.1"
source = "registry+https://github.com/rust-lang/crates.io-index"
checksum = "afc5508759c5bf4285e61feb862b6083c8480aec864fa17a81fdec6f69b461ab"
dependencies = [
 "winapi",
]

[[package]]
name = "winapi-x86_64-pc-windows-gnu"
version = "0.4.0"
source = "registry+https://github.com/rust-lang/crates.io-index"
checksum = "712e227841d057c1ee1cd2fb22fa7e5a5461ae8e48fa2ca79ec42cfc1931183f"

[[package]]
name = "wincolor"
version = "1.0.1"
source = "registry+https://github.com/rust-lang/crates.io-index"
checksum = "561ed901ae465d6185fa7864d63fbd5720d0ef718366c9a4dc83cf6170d7e9ba"
dependencies = [
 "winapi",
 "winapi-util",
]
