# This file is automatically @generated by Cargo.
# It is not intended for manual editing.
version = 3

[[package]]
name = "arrayvec"
version = "0.4.8"
source = "registry+https://github.com/rust-lang/crates.io-index"
checksum = "f405cc4c21cd8b784f6c8fc2adf9bc00f59558f0049b5ec21517f875963040cc"
dependencies = [
 "nodrop",
]

[[package]]
name = "bitflags"
version = "1.0.4"
source = "registry+https://github.com/rust-lang/crates.io-index"
checksum = "228047a76f468627ca71776ecdebd732a3423081fcf5125585bcd7c49886ce12"

[[package]]
name = "byteorder"
version = "1.2.7"
source = "registry+https://github.com/rust-lang/crates.io-index"
checksum = "94f88df23a25417badc922ab0f5716cc1330e87f71ddd9203b3a3ccd9cedf75d"

[[package]]
name = "bytes"
version = "0.4.11"
source = "registry+https://github.com/rust-lang/crates.io-index"
checksum = "40ade3d27603c2cb345eb0912aec461a6dec7e06a4ae48589904e808335c7afa"
dependencies = [
 "byteorder",
 "iovec",
]

[[package]]
name = "cfg-if"
version = "0.1.6"
source = "registry+https://github.com/rust-lang/crates.io-index"
checksum = "082bb9b28e00d3c9d39cc03e64ce4cea0f1bb9b3fde493f0cbc008472d22bdf4"

[[package]]
name = "cloudabi"
version = "0.0.3"
source = "registry+https://github.com/rust-lang/crates.io-index"
checksum = "ddfc5b9aa5d4507acaf872de71051dfd0e309860e88966e1051e462a077aac4f"
dependencies = [
 "bitflags",
]

[[package]]
name = "crossbeam-deque"
version = "0.6.2"
source = "registry+https://github.com/rust-lang/crates.io-index"
checksum = "4fe1b6f945f824c7a25afe44f62e25d714c0cc523f8e99d8db5cd1026e1269d3"
dependencies = [
 "crossbeam-epoch",
 "crossbeam-utils",
]

[[package]]
name = "crossbeam-epoch"
version = "0.6.1"
source = "registry+https://github.com/rust-lang/crates.io-index"
checksum = "2449aaa4ec7ef96e5fb24db16024b935df718e9ae1cec0a1e68feeca2efca7b8"
dependencies = [
 "arrayvec",
 "cfg-if",
 "crossbeam-utils",
 "lazy_static",
 "memoffset",
 "scopeguard",
]

[[package]]
name = "crossbeam-utils"
version = "0.6.1"
source = "registry+https://github.com/rust-lang/crates.io-index"
checksum = "c55913cc2799171a550e307918c0a360e8c16004820291bf3b638969b4a01816"
dependencies = [
 "cfg-if",
]

[[package]]
name = "fuchsia-zircon"
version = "0.3.3"
source = "registry+https://github.com/rust-lang/crates.io-index"
checksum = "2e9763c69ebaae630ba35f74888db465e49e259ba1bc0eda7d06f4a067615d82"
dependencies = [
 "bitflags",
 "fuchsia-zircon-sys",
]

[[package]]
name = "fuchsia-zircon-sys"
version = "0.3.3"
source = "registry+https://github.com/rust-lang/crates.io-index"
checksum = "3dcaa9ae7725d12cdb85b3ad99a434db70b468c09ded17e012d86b5c1010f7a7"

[[package]]
name = "futures"
version = "0.1.25"
source = "registry+https://github.com/rust-lang/crates.io-index"
checksum = "49e7653e374fe0d0c12de4250f0bdb60680b8c80eed558c5c7538eec9c89e21b"

[[package]]
name = "iovec"
version = "0.1.2"
source = "registry+https://github.com/rust-lang/crates.io-index"
checksum = "dbe6e417e7d0975db6512b90796e8ce223145ac4e33c377e4a42882a0e88bb08"
dependencies = [
 "libc",
 "winapi 0.2.8",
]

[[package]]
name = "kernel32-sys"
version = "0.2.2"
source = "registry+https://github.com/rust-lang/crates.io-index"
checksum = "7507624b29483431c0ba2d82aece8ca6cdba9382bff4ddd0f7490560c056098d"
dependencies = [
 "winapi 0.2.8",
 "winapi-build",
]

[[package]]
name = "lazy_static"
version = "1.2.0"
source = "registry+https://github.com/rust-lang/crates.io-index"
checksum = "a374c89b9db55895453a74c1e38861d9deec0b01b405a82516e9d5de4820dea1"

[[package]]
name = "lazycell"
version = "1.2.0"
source = "registry+https://github.com/rust-lang/crates.io-index"
checksum = "ddba4c30a78328befecec92fc94970e53b3ae385827d28620f0f5bb2493081e0"

[[package]]
name = "libc"
version = "0.2.44"
source = "registry+https://github.com/rust-lang/crates.io-index"
checksum = "10923947f84a519a45c8fefb7dd1b3e8c08747993381adee176d7a82b4195311"

[[package]]
name = "lock_api"
version = "0.1.5"
source = "registry+https://github.com/rust-lang/crates.io-index"
checksum = "62ebf1391f6acad60e5c8b43706dde4582df75c06698ab44511d15016bc2442c"
dependencies = [
 "owning_ref",
 "scopeguard",
]

[[package]]
name = "log"
version = "0.4.6"
source = "registry+https://github.com/rust-lang/crates.io-index"
checksum = "c84ec4b527950aa83a329754b01dbe3f58361d1c5efacd1f6d68c494d08a17c6"
dependencies = [
 "cfg-if",
]

[[package]]
name = "maybe-uninit"
version = "2.0.0"
source = "registry+https://github.com/rust-lang/crates.io-index"
checksum = "60302e4db3a61da70c0cb7991976248362f30319e88850c487b9b95bbf059e00"

[[package]]
name = "memoffset"
version = "0.2.1"
source = "registry+https://github.com/rust-lang/crates.io-index"
checksum = "0f9dc261e2b62d7a622bf416ea3c5245cdd5d9a7fcc428c0d06804dfce1775b3"

[[package]]
name = "mio"
version = "0.6.16"
source = "registry+https://github.com/rust-lang/crates.io-index"
checksum = "71646331f2619b1026cc302f87a2b8b648d5c6dd6937846a16cc8ce0f347f432"
dependencies = [
 "fuchsia-zircon",
 "fuchsia-zircon-sys",
 "iovec",
 "kernel32-sys",
 "lazycell",
 "libc",
 "log",
 "miow",
 "net2",
 "slab",
 "winapi 0.2.8",
]

[[package]]
name = "mio-uds"
version = "0.6.7"
source = "registry+https://github.com/rust-lang/crates.io-index"
checksum = "966257a94e196b11bb43aca423754d87429960a768de9414f3691d6957abf125"
dependencies = [
 "iovec",
 "libc",
 "mio",
]

[[package]]
name = "miow"
version = "0.2.1"
source = "registry+https://github.com/rust-lang/crates.io-index"
checksum = "8c1f2f3b1cf331de6896aabf6e9d55dca90356cc9960cca7eaaf408a355ae919"
dependencies = [
 "kernel32-sys",
 "net2",
 "winapi 0.2.8",
 "ws2_32-sys",
]

[[package]]
name = "net2"
version = "0.2.33"
source = "registry+https://github.com/rust-lang/crates.io-index"
checksum = "42550d9fb7b6684a6d404d9fa7250c2eb2646df731d1c06afc06dcee9e1bcf88"
dependencies = [
 "cfg-if",
 "libc",
 "winapi 0.3.6",
]

[[package]]
name = "nodrop"
version = "0.1.13"
source = "registry+https://github.com/rust-lang/crates.io-index"
checksum = "2f9667ddcc6cc8a43afc9b7917599d7216aa09c463919ea32c59ed6cac8bc945"

[[package]]
name = "num_cpus"
version = "1.8.0"
source = "registry+https://github.com/rust-lang/crates.io-index"
checksum = "c51a3322e4bca9d212ad9a158a02abc6934d005490c054a2778df73a70aa0a30"
dependencies = [
 "libc",
]

[[package]]
name = "owning_ref"
version = "0.4.0"
source = "registry+https://github.com/rust-lang/crates.io-index"
checksum = "49a4b8ea2179e6a2e27411d3bca09ca6dd630821cf6894c6c7c8467a8ee7ef13"
dependencies = [
 "stable_deref_trait",
]

[[package]]
name = "parking_lot"
version = "0.6.4"
source = "registry+https://github.com/rust-lang/crates.io-index"
checksum = "f0802bff09003b291ba756dc7e79313e51cc31667e94afbe847def490424cde5"
dependencies = [
 "lock_api",
 "parking_lot_core",
]

[[package]]
name = "parking_lot_core"
version = "0.3.1"
source = "registry+https://github.com/rust-lang/crates.io-index"
checksum = "ad7f7e6ebdc79edff6fdcb87a55b620174f7a989e3eb31b65231f4af57f00b8c"
dependencies = [
 "libc",
 "rand 0.5.5",
 "rustc_version",
 "smallvec",
 "winapi 0.3.6",
]

[[package]]
name = "rand"
version = "0.5.5"
source = "registry+https://github.com/rust-lang/crates.io-index"
checksum = "e464cd887e869cddcae8792a4ee31d23c7edd516700695608f5b98c67ee0131c"
dependencies = [
 "cloudabi",
 "fuchsia-zircon",
 "libc",
 "rand_core 0.2.2",
 "winapi 0.3.6",
]

[[package]]
name = "rand"
version = "0.6.1"
source = "registry+https://github.com/rust-lang/crates.io-index"
checksum = "ae9d223d52ae411a33cf7e54ec6034ec165df296ccd23533d671a28252b6f66a"
dependencies = [
 "cloudabi",
 "fuchsia-zircon",
 "libc",
 "rand_chacha",
 "rand_core 0.3.0",
 "rand_hc",
 "rand_isaac",
 "rand_pcg",
 "rand_xorshift",
 "rustc_version",
 "winapi 0.3.6",
]

[[package]]
name = "rand_chacha"
version = "0.1.0"
source = "registry+https://github.com/rust-lang/crates.io-index"
checksum = "771b009e3a508cb67e8823dda454aaa5368c7bc1c16829fb77d3e980440dd34a"
dependencies = [
 "rand_core 0.3.0",
 "rustc_version",
]

[[package]]
name = "rand_core"
version = "0.2.2"
source = "registry+https://github.com/rust-lang/crates.io-index"
checksum = "1961a422c4d189dfb50ffa9320bf1f2a9bd54ecb92792fb9477f99a1045f3372"
dependencies = [
 "rand_core 0.3.0",
]

[[package]]
name = "rand_core"
version = "0.3.0"
source = "registry+https://github.com/rust-lang/crates.io-index"
checksum = "0905b6b7079ec73b314d4c748701f6931eb79fd97c668caa3f1899b22b32c6db"

[[package]]
name = "rand_hc"
version = "0.1.0"
source = "registry+https://github.com/rust-lang/crates.io-index"
checksum = "7b40677c7be09ae76218dc623efbf7b18e34bced3f38883af07bb75630a21bc4"
dependencies = [
 "rand_core 0.3.0",
]

[[package]]
name = "rand_isaac"
version = "0.1.1"
source = "registry+https://github.com/rust-lang/crates.io-index"
checksum = "ded997c9d5f13925be2a6fd7e66bf1872597f759fd9dd93513dd7e92e5a5ee08"
dependencies = [
 "rand_core 0.3.0",
]

[[package]]
name = "rand_pcg"
version = "0.1.1"
source = "registry+https://github.com/rust-lang/crates.io-index"
checksum = "086bd09a33c7044e56bb44d5bdde5a60e7f119a9e95b0775f545de759a32fe05"
dependencies = [
 "rand_core 0.3.0",
 "rustc_version",
]

[[package]]
name = "rand_xorshift"
version = "0.1.0"
source = "registry+https://github.com/rust-lang/crates.io-index"
checksum = "effa3fcaa47e18db002bdde6060944b6d2f9cfd8db471c30e873448ad9187be3"
dependencies = [
 "rand_core 0.3.0",
]

[[package]]
name = "resp"
version = "1.0.2"
source = "git+https://github.com/creativcoder/resp#b415e0bf0347a2669b774d48fab68728559f4b10"

[[package]]
name = "rudis_async"
version = "0.1.0"
dependencies = [
 "bytes",
 "futures",
 "lazy_static",
 "resp",
 "tokio",
 "tokio-codec",
]

[[package]]
name = "rustc_version"
version = "0.2.3"
source = "registry+https://github.com/rust-lang/crates.io-index"
checksum = "138e3e0acb6c9fb258b19b67cb8abd63c00679d2851805ea151465464fe9030a"
dependencies = [
 "semver",
]

[[package]]
name = "scopeguard"
version = "0.3.3"
source = "registry+https://github.com/rust-lang/crates.io-index"
checksum = "94258f53601af11e6a49f722422f6e3425c52b06245a5cf9bc09908b174f5e27"

[[package]]
name = "semver"
version = "0.9.0"
source = "registry+https://github.com/rust-lang/crates.io-index"
checksum = "1d7eb9ef2c18661902cc47e535f9bc51b78acd254da71d375c2f6720d9a40403"
dependencies = [
 "semver-parser",
]

[[package]]
name = "semver-parser"
version = "0.7.0"
source = "registry+https://github.com/rust-lang/crates.io-index"
checksum = "388a1df253eca08550bef6c72392cfe7c30914bf41df5269b68cbd6ff8f570a3"

[[package]]
name = "slab"
version = "0.4.1"
source = "registry+https://github.com/rust-lang/crates.io-index"
checksum = "5f9776d6b986f77b35c6cf846c11ad986ff128fe0b2b63a3628e3755e8d3102d"

[[package]]
name = "smallvec"
version = "0.6.14"
source = "registry+https://github.com/rust-lang/crates.io-index"
checksum = "b97fcaeba89edba30f044a10c6a3cc39df9c3f17d7cd829dd1446cab35f890e0"
dependencies = [
 "maybe-uninit",
]

[[package]]
name = "stable_deref_trait"
version = "1.1.1"
source = "registry+https://github.com/rust-lang/crates.io-index"
checksum = "dba1a27d3efae4351c8051072d619e3ade2820635c3958d826bfea39d59b54c8"

[[package]]
name = "tokio"
version = "0.1.13"
source = "registry+https://github.com/rust-lang/crates.io-index"
checksum = "a7817d4c98cc5be21360b3b37d6036fe9b7aefa5b7a201b7b16ff33423822f7d"
dependencies = [
 "bytes",
 "futures",
 "mio",
 "num_cpus",
 "tokio-codec",
 "tokio-current-thread",
 "tokio-executor",
 "tokio-fs",
 "tokio-io",
 "tokio-reactor",
 "tokio-tcp",
 "tokio-threadpool",
 "tokio-timer",
 "tokio-udp",
 "tokio-uds",
]

[[package]]
name = "tokio-codec"
version = "0.1.1"
source = "registry+https://github.com/rust-lang/crates.io-index"
checksum = "5c501eceaf96f0e1793cf26beb63da3d11c738c4a943fdf3746d81d64684c39f"
dependencies = [
 "bytes",
 "futures",
 "tokio-io",
]

[[package]]
name = "tokio-current-thread"
version = "0.1.4"
source = "registry+https://github.com/rust-lang/crates.io-index"
checksum = "331c8acc267855ec06eb0c94618dcbbfea45bed2d20b77252940095273fb58f6"
dependencies = [
 "futures",
 "tokio-executor",
]

[[package]]
name = "tokio-executor"
version = "0.1.5"
source = "registry+https://github.com/rust-lang/crates.io-index"
checksum = "c117b6cf86bb730aab4834f10df96e4dd586eff2c3c27d3781348da49e255bde"
dependencies = [
 "futures",
]

[[package]]
name = "tokio-fs"
version = "0.1.4"
source = "registry+https://github.com/rust-lang/crates.io-index"
checksum = "60ae25f6b17d25116d2cba342083abe5255d3c2c79cb21ea11aa049c53bf7c75"
dependencies = [
 "futures",
 "tokio-io",
 "tokio-threadpool",
]

[[package]]
name = "tokio-io"
version = "0.1.10"
source = "registry+https://github.com/rust-lang/crates.io-index"
checksum = "7392fe0a70d5ce0c882c4778116c519bd5dbaa8a7c3ae3d04578b3afafdcda21"
dependencies = [
 "bytes",
 "futures",
 "log",
]

[[package]]
name = "tokio-reactor"
version = "0.1.7"
source = "registry+https://github.com/rust-lang/crates.io-index"
checksum = "502b625acb4ee13cbb3b90b8ca80e0addd263ddacf6931666ef751e610b07fb5"
dependencies = [
 "crossbeam-utils",
 "futures",
 "lazy_static",
 "log",
 "mio",
 "num_cpus",
 "parking_lot",
 "slab",
 "tokio-executor",
 "tokio-io",
]

[[package]]
name = "tokio-tcp"
version = "0.1.2"
source = "registry+https://github.com/rust-lang/crates.io-index"
checksum = "7ad235e9dadd126b2d47f6736f65aa1fdcd6420e66ca63f44177bc78df89f912"
dependencies = [
 "bytes",
 "futures",
 "iovec",
 "mio",
 "tokio-io",
 "tokio-reactor",
]

[[package]]
name = "tokio-threadpool"
version = "0.1.9"
source = "registry+https://github.com/rust-lang/crates.io-index"
checksum = "56c5556262383032878afad66943926a1d1f0967f17e94bd7764ceceb3b70e7f"
dependencies = [
 "crossbeam-deque",
 "crossbeam-utils",
 "futures",
 "log",
 "num_cpus",
 "rand 0.6.1",
 "tokio-executor",
]

[[package]]
name = "tokio-timer"
version = "0.2.8"
source = "registry+https://github.com/rust-lang/crates.io-index"
checksum = "4f37f0111d76cc5da132fe9bc0590b9b9cfd079bc7e75ac3846278430a299ff8"
dependencies = [
 "crossbeam-utils",
 "futures",
 "slab",
 "tokio-executor",
]

[[package]]
name = "tokio-udp"
version = "0.1.3"
source = "registry+https://github.com/rust-lang/crates.io-index"
checksum = "66268575b80f4a4a710ef83d087fdfeeabdce9b74c797535fbac18a2cb906e92"
dependencies = [
 "bytes",
 "futures",
 "log",
 "mio",
 "tokio-codec",
 "tokio-io",
 "tokio-reactor",
]

[[package]]
name = "tokio-uds"
version = "0.2.4"
source = "registry+https://github.com/rust-lang/crates.io-index"
checksum = "99ce87382f6c1a24b513a72c048b2c8efe66cb5161c9061d00bee510f08dc168"
dependencies = [
 "bytes",
 "futures",
 "iovec",
 "libc",
 "log",
 "mio",
 "mio-uds",
 "tokio-codec",
 "tokio-io",
 "tokio-reactor",
]

[[package]]
name = "winapi"
version = "0.2.8"
source = "registry+https://github.com/rust-lang/crates.io-index"
checksum = "167dc9d6949a9b857f3451275e911c3f44255842c1f7a76f33c55103a909087a"

[[package]]
name = "winapi"
version = "0.3.6"
source = "registry+https://github.com/rust-lang/crates.io-index"
checksum = "92c1eb33641e276cfa214a0522acad57be5c56b10cb348b3c5117db75f3ac4b0"
dependencies = [
 "winapi-i686-pc-windows-gnu",
 "winapi-x86_64-pc-windows-gnu",
]

[[package]]
name = "winapi-build"
version = "0.1.1"
source = "registry+https://github.com/rust-lang/crates.io-index"
checksum = "2d315eee3b34aca4797b2da6b13ed88266e6d612562a0c46390af8299fc699bc"

[[package]]
name = "winapi-i686-pc-windows-gnu"
version = "0.4.0"
source = "registry+https://github.com/rust-lang/crates.io-index"
checksum = "ac3b87c63620426dd9b991e5ce0329eff545bccbbb34f3be09ff6fb6ab51b7b6"

[[package]]
name = "winapi-x86_64-pc-windows-gnu"
version = "0.4.0"
source = "registry+https://github.com/rust-lang/crates.io-index"
checksum = "712e227841d057c1ee1cd2fb22fa7e5a5461ae8e48fa2ca79ec42cfc1931183f"

[[package]]
name = "ws2_32-sys"
version = "0.2.1"
source = "registry+https://github.com/rust-lang/crates.io-index"
checksum = "d59cefebd0c892fa2dd6de581e937301d8552cb44489cdff035c6187cb63fa5e"
dependencies = [
 "winapi 0.2.8",
 "winapi-build",
]
